
Microsoft Visual Studio Solution File, Format Version 12.00
# Visual Studio Version 16
VisualStudioVersion = 16.0.29709.97
MinimumVisualStudioVersion = 10.0.40219.1
Project("{FAE04EC0-301F-11D3-BF4B-00C04F79EFBC}") = "H4_cryptography", "H4_cryptography\H4_cryptography.csproj", "{4066EF9B-7377-4A1A-8B03-F7C6A36D5533}"
EndProject
Global
	GlobalSection(SolutionConfigurationPlatforms) = preSolution
		Debug|Any CPU = Debug|Any CPU
		Release|Any CPU = Release|Any CPU
	EndGlobalSection
	GlobalSection(ProjectConfigurationPlatforms) = postSolution
		{4066EF9B-7377-4A1A-8B03-F7C6A36D5533}.Debug|Any CPU.ActiveCfg = Debug|Any CPU
		{4066EF9B-7377-4A1A-8B03-F7C6A36D5533}.Debug|Any CPU.Build.0 = Debug|Any CPU
		{4066EF9B-7377-4A1A-8B03-F7C6A36D5533}.Release|Any CPU.ActiveCfg = Release|Any CPU
		{4066EF9B-7377-4A1A-8B03-F7C6A36D5533}.Release|Any CPU.Build.0 = Release|Any CPU
	EndGlobalSection
	GlobalSection(SolutionProperties) = preSolution
		HideSolutionNode = FALSE
	EndGlobalSection
	GlobalSection(ExtensibilityGlobals) = postSolution
		SolutionGuid = {9535C7F1-7B19-44E1-87D6-FB4EA35A72D5}
	EndGlobalSection
EndGlobal
